
Microsoft Visual Studio Solution File, Format Version 12.00
# Visual Studio 15
VisualStudioVersion = 15.0.27130.0
MinimumVisualStudioVersion = 10.0.40219.1
Project("{FAE04EC0-301F-11D3-BF4B-00C04F79EFBC}") = "ForceWindowToBackground", "ForceWindowToBackground\ForceWindowToBackground.csproj", "{500DD374-8731-465B-9B64-260039993E73}"
EndProject
Global
	GlobalSection(SolutionConfigurationPlatforms) = preSolution
		Debug|Any CPU = Debug|Any CPU
		Release|Any CPU = Release|Any CPU
	EndGlobalSection
	GlobalSection(ProjectConfigurationPlatforms) = postSolution
		{500DD374-8731-465B-9B64-260039993E73}.Debug|Any CPU.ActiveCfg = Debug|Any CPU
		{500DD374-8731-465B-9B64-260039993E73}.Debug|Any CPU.Build.0 = Debug|Any CPU
		{500DD374-8731-465B-9B64-260039993E73}.Release|Any CPU.ActiveCfg = Release|Any CPU
		{500DD374-8731-465B-9B64-260039993E73}.Release|Any CPU.Build.0 = Release|Any CPU
	EndGlobalSection
	GlobalSection(SolutionProperties) = preSolution
		HideSolutionNode = FALSE
	EndGlobalSection
	GlobalSection(ExtensibilityGlobals) = postSolution
		SolutionGuid = {765763AB-4327-4BF4-B90F-627CC2A62B6A}
	EndGlobalSection
EndGlobal
